// !$*UTF8*$!
{
	archiveVersion = 1;
	classes = {
	};
	objectVersion = 46;
	objects = {

/* Begin PBXBuildFile section */
		325FCC961951ADDE00C377C9 /* AppDelegate.swift in Sources */ = {isa = PBXBuildFile; fileRef = 325FCC951951ADDE00C377C9 /* AppDelegate.swift */; };
		325FCC981951ADDE00C377C9 /* MainViewController.swift in Sources */ = {isa = PBXBuildFile; fileRef = 325FCC971951ADDE00C377C9 /* MainViewController.swift */; };
		325FCC9B1951ADDE00C377C9 /* Main.storyboard in Resources */ = {isa = PBXBuildFile; fileRef = 325FCC991951ADDE00C377C9 /* Main.storyboard */; };
		325FCC9D1951ADDE00C377C9 /* Images.xcassets in Resources */ = {isa = PBXBuildFile; fileRef = 325FCC9C1951ADDE00C377C9 /* Images.xcassets */; };
		325FCCA91951ADDE00C377C9 /* udrunkTests.swift in Sources */ = {isa = PBXBuildFile; fileRef = 325FCCA81951ADDE00C377C9 /* udrunkTests.swift */; };
		325FCCB31951BF1E00C377C9 /* RootViewController.swift in Sources */ = {isa = PBXBuildFile; fileRef = 325FCCB21951BF1E00C377C9 /* RootViewController.swift */; };
		325FCCB61951C44D00C377C9 /* LoginViewController.swift in Sources */ = {isa = PBXBuildFile; fileRef = 325FCCB51951C44D00C377C9 /* LoginViewController.swift */; };
/* End PBXBuildFile section */

/* Begin PBXContainerItemProxy section */
		325FCCA31951ADDE00C377C9 /* PBXContainerItemProxy */ = {
			isa = PBXContainerItemProxy;
			containerPortal = 325FCC881951ADDE00C377C9 /* Project object */;
			proxyType = 1;
			remoteGlobalIDString = 325FCC8F1951ADDE00C377C9;
			remoteInfo = udrunk;
		};
/* End PBXContainerItemProxy section */

/* Begin PBXFileReference section */
		325FCC901951ADDE00C377C9 /* udrunk.app */ = {isa = PBXFileReference; explicitFileType = wrapper.application; includeInIndex = 0; path = udrunk.app; sourceTree = BUILT_PRODUCTS_DIR; };
		325FCC941951ADDE00C377C9 /* Info.plist */ = {isa = PBXFileReference; lastKnownFileType = text.plist.xml; path = Info.plist; sourceTree = "<group>"; };
		325FCC951951ADDE00C377C9 /* AppDelegate.swift */ = {isa = PBXFileReference; lastKnownFileType = sourcecode.swift; path = AppDelegate.swift; sourceTree = "<group>"; };
		325FCC971951ADDE00C377C9 /* MainViewController.swift */ = {isa = PBXFileReference; lastKnownFileType = sourcecode.swift; path = MainViewController.swift; sourceTree = "<group>"; };
		325FCC9A1951ADDE00C377C9 /* Base */ = {isa = PBXFileReference; lastKnownFileType = file.storyboard; name = Base; path = Base.lproj/Main.storyboard; sourceTree = "<group>"; };
		325FCC9C1951ADDE00C377C9 /* Images.xcassets */ = {isa = PBXFileReference; lastKnownFileType = folder.assetcatalog; path = Images.xcassets; sourceTree = "<group>"; };
		325FCCA21951ADDE00C377C9 /* udrunkTests.xctest */ = {isa = PBXFileReference; explicitFileType = wrapper.cfbundle; includeInIndex = 0; path = udrunkTests.xctest; sourceTree = BUILT_PRODUCTS_DIR; };
		325FCCA71951ADDE00C377C9 /* Info.plist */ = {isa = PBXFileReference; lastKnownFileType = text.plist.xml; path = Info.plist; sourceTree = "<group>"; };
		325FCCA81951ADDE00C377C9 /* udrunkTests.swift */ = {isa = PBXFileReference; lastKnownFileType = sourcecode.swift; path = udrunkTests.swift; sourceTree = "<group>"; };
		325FCCB21951BF1E00C377C9 /* RootViewController.swift */ = {isa = PBXFileReference; fileEncoding = 4; lastKnownFileType = sourcecode.swift; name = RootViewController.swift; path = viewcontrollers/RootViewController.swift; sourceTree = "<group>"; };
		325FCCB51951C44D00C377C9 /* LoginViewController.swift */ = {isa = PBXFileReference; fileEncoding = 4; lastKnownFileType = sourcecode.swift; path = LoginViewController.swift; sourceTree = "<group>"; };
/* End PBXFileReference section */

/* Begin PBXFrameworksBuildPhase section */
		325FCC8D1951ADDE00C377C9 /* Frameworks */ = {
			isa = PBXFrameworksBuildPhase;
			buildActionMask = 2147483647;
			files = (
			);
			runOnlyForDeploymentPostprocessing = 0;
		};
		325FCC9F1951ADDE00C377C9 /* Frameworks */ = {
			isa = PBXFrameworksBuildPhase;
			buildActionMask = 2147483647;
			files = (
			);
			runOnlyForDeploymentPostprocessing = 0;
		};
/* End PBXFrameworksBuildPhase section */

/* Begin PBXGroup section */
		325FCC871951ADDE00C377C9 = {
			isa = PBXGroup;
			children = (
				325FCC921951ADDE00C377C9 /* udrunk */,
				325FCCA51951ADDE00C377C9 /* udrunkTests */,
				325FCC911951ADDE00C377C9 /* Products */,
			);
			sourceTree = "<group>";
		};
		325FCC911951ADDE00C377C9 /* Products */ = {
			isa = PBXGroup;
			children = (
				325FCC901951ADDE00C377C9 /* udrunk.app */,
				325FCCA21951ADDE00C377C9 /* udrunkTests.xctest */,
			);
			name = Products;
			sourceTree = "<group>";
		};
		325FCC921951ADDE00C377C9 /* udrunk */ = {
			isa = PBXGroup;
			children = (
				325FCC951951ADDE00C377C9 /* AppDelegate.swift */,
				325FCC9C1951ADDE00C377C9 /* Images.xcassets */,
				325FCC991951ADDE00C377C9 /* Main.storyboard */,
				325FCC971951ADDE00C377C9 /* MainViewController.swift */,
				325FCC931951ADDE00C377C9 /* Supporting Files */,
				325FCCB41951BF2400C377C9 /* viewcontrollers */,
			);
			path = udrunk;
			sourceTree = "<group>";
		};
		325FCC931951ADDE00C377C9 /* Supporting Files */ = {
			isa = PBXGroup;
			children = (
				325FCC941951ADDE00C377C9 /* Info.plist */,
			);
			name = "Supporting Files";
			sourceTree = "<group>";
		};
		325FCCA51951ADDE00C377C9 /* udrunkTests */ = {
			isa = PBXGroup;
			children = (
				325FCCA81951ADDE00C377C9 /* udrunkTests.swift */,
				325FCCA61951ADDE00C377C9 /* Supporting Files */,
			);
			path = udrunkTests;
			sourceTree = "<group>";
		};
		325FCCA61951ADDE00C377C9 /* Supporting Files */ = {
			isa = PBXGroup;
			children = (
				325FCCA71951ADDE00C377C9 /* Info.plist */,
			);
			name = "Supporting Files";
			sourceTree = "<group>";
		};
		325FCCB41951BF2400C377C9 /* viewcontrollers */ = {
			isa = PBXGroup;
			children = (
				325FCCB21951BF1E00C377C9 /* RootViewController.swift */,
				325FCCB51951C44D00C377C9 /* LoginViewController.swift */,
			);
			name = viewcontrollers;
			sourceTree = "<group>";
		};
/* End PBXGroup section */

/* Begin PBXNativeTarget section */
		325FCC8F1951ADDE00C377C9 /* udrunk */ = {
			isa = PBXNativeTarget;
			buildConfigurationList = 325FCCAC1951ADDE00C377C9 /* Build configuration list for PBXNativeTarget "udrunk" */;
			buildPhases = (
				325FCC8C1951ADDE00C377C9 /* Sources */,
				325FCC8D1951ADDE00C377C9 /* Frameworks */,
				325FCC8E1951ADDE00C377C9 /* Resources */,
			);
			buildRules = (
			);
			dependencies = (
			);
			name = udrunk;
			productName = udrunk;
			productReference = 325FCC901951ADDE00C377C9 /* udrunk.app */;
			productType = "com.apple.product-type.application";
		};
		325FCCA11951ADDE00C377C9 /* udrunkTests */ = {
			isa = PBXNativeTarget;
			buildConfigurationList = 325FCCAF1951ADDE00C377C9 /* Build configuration list for PBXNativeTarget "udrunkTests" */;
			buildPhases = (
				325FCC9E1951ADDE00C377C9 /* Sources */,
				325FCC9F1951ADDE00C377C9 /* Frameworks */,
				325FCCA01951ADDE00C377C9 /* Resources */,
			);
			buildRules = (
			);
			dependencies = (
				325FCCA41951ADDE00C377C9 /* PBXTargetDependency */,
			);
			name = udrunkTests;
			productName = udrunkTests;
			productReference = 325FCCA21951ADDE00C377C9 /* udrunkTests.xctest */;
			productType = "com.apple.product-type.bundle.unit-test";
		};
/* End PBXNativeTarget section */

/* Begin PBXProject section */
		325FCC881951ADDE00C377C9 /* Project object */ = {
			isa = PBXProject;
			attributes = {
				LastUpgradeCheck = 0600;
				ORGANIZATIONNAME = "Emmanuel Garnier";
				TargetAttributes = {
					325FCC8F1951ADDE00C377C9 = {
						CreatedOnToolsVersion = 6.0;
					};
					325FCCA11951ADDE00C377C9 = {
						CreatedOnToolsVersion = 6.0;
						TestTargetID = 325FCC8F1951ADDE00C377C9;
					};
				};
			};
			buildConfigurationList = 325FCC8B1951ADDE00C377C9 /* Build configuration list for PBXProject "udrunk" */;
			compatibilityVersion = "Xcode 3.2";
			developmentRegion = English;
			hasScannedForEncodings = 0;
			knownRegions = (
				en,
				Base,
			);
			mainGroup = 325FCC871951ADDE00C377C9;
			productRefGroup = 325FCC911951ADDE00C377C9 /* Products */;
			projectDirPath = "";
			projectRoot = "";
			targets = (
				325FCC8F1951ADDE00C377C9 /* udrunk */,
				325FCCA11951ADDE00C377C9 /* udrunkTests */,
			);
		};
/* End PBXProject section */

/* Begin PBXResourcesBuildPhase section */
		325FCC8E1951ADDE00C377C9 /* Resources */ = {
			isa = PBXResourcesBuildPhase;
			buildActionMask = 2147483647;
			files = (
				325FCC9B1951ADDE00C377C9 /* Main.storyboard in Resources */,
				325FCC9D1951ADDE00C377C9 /* Images.xcassets in Resources */,
			);
			runOnlyForDeploymentPostprocessing = 0;
		};
		325FCCA01951ADDE00C377C9 /* Resources */ = {
			isa = PBXResourcesBuildPhase;
			buildActionMask = 2147483647;
			files = (
			);
			runOnlyForDeploymentPostprocessing = 0;
		};
/* End PBXResourcesBuildPhase section */

/* Begin PBXSourcesBuildPhase section */
		325FCC8C1951ADDE00C377C9 /* Sources */ = {
			isa = PBXSourcesBuildPhase;
			buildActionMask = 2147483647;
			files = (
				325FCCB61951C44D00C377C9 /* LoginViewController.swift in Sources */,
				325FCCB31951BF1E00C377C9 /* RootViewController.swift in Sources */,
				325FCC981951ADDE00C377C9 /* MainViewController.swift in Sources */,
				325FCC961951ADDE00C377C9 /* AppDelegate.swift in Sources */,
			);
			runOnlyForDeploymentPostprocessing = 0;
		};
		325FCC9E1951ADDE00C377C9 /* Sources */ = {
			isa = PBXSourcesBuildPhase;
			buildActionMask = 2147483647;
			files = (
				325FCCA91951ADDE00C377C9 /* udrunkTests.swift in Sources */,
			);
			runOnlyForDeploymentPostprocessing = 0;
		};
/* End PBXSourcesBuildPhase section */

/* Begin PBXTargetDependency section */
		325FCCA41951ADDE00C377C9 /* PBXTargetDependency */ = {
			isa = PBXTargetDependency;
			target = 325FCC8F1951ADDE00C377C9 /* udrunk */;
			targetProxy = 325FCCA31951ADDE00C377C9 /* PBXContainerItemProxy */;
		};
/* End PBXTargetDependency section */

/* Begin PBXVariantGroup section */
		325FCC991951ADDE00C377C9 /* Main.storyboard */ = {
			isa = PBXVariantGroup;
			children = (
				325FCC9A1951ADDE00C377C9 /* Base */,
			);
			name = Main.storyboard;
			sourceTree = "<group>";
		};
/* End PBXVariantGroup section */

/* Begin XCBuildConfiguration section */
		325FCCAA1951ADDE00C377C9 /* Debug */ = {
			isa = XCBuildConfiguration;
			buildSettings = {
				ALWAYS_SEARCH_USER_PATHS = NO;
				CLANG_CXX_LANGUAGE_STANDARD = "gnu++0x";
				CLANG_CXX_LIBRARY = "libc++";
				CLANG_ENABLE_MODULES = YES;
				CLANG_ENABLE_OBJC_ARC = YES;
				CLANG_WARN_BOOL_CONVERSION = YES;
				CLANG_WARN_CONSTANT_CONVERSION = YES;
				CLANG_WARN_DIRECT_OBJC_ISA_USAGE = YES_ERROR;
				CLANG_WARN_EMPTY_BODY = YES;
				CLANG_WARN_ENUM_CONVERSION = YES;
				CLANG_WARN_INT_CONVERSION = YES;
				CLANG_WARN_OBJC_ROOT_CLASS = YES_ERROR;
				CLANG_WARN_UNREACHABLE_CODE = YES;
				CLANG_WARN__DUPLICATE_METHOD_MATCH = YES;
				"CODE_SIGN_IDENTITY[sdk=iphoneos*]" = "iPhone Developer";
				COPY_PHASE_STRIP = NO;
				ENABLE_STRICT_OBJC_MSGSEND = YES;
				GCC_C_LANGUAGE_STANDARD = gnu99;
				GCC_DYNAMIC_NO_PIC = NO;
				GCC_OPTIMIZATION_LEVEL = 0;
				GCC_PREPROCESSOR_DEFINITIONS = (
					"DEBUG=1",
					"$(inherited)",
				);
				GCC_SYMBOLS_PRIVATE_EXTERN = NO;
				GCC_WARN_64_TO_32_BIT_CONVERSION = YES;
				GCC_WARN_ABOUT_RETURN_TYPE = YES_ERROR;
				GCC_WARN_UNDECLARED_SELECTOR = YES;
				GCC_WARN_UNINITIALIZED_AUTOS = YES_AGGRESSIVE;
				GCC_WARN_UNUSED_FUNCTION = YES;
				GCC_WARN_UNUSED_VARIABLE = YES;
				IPHONEOS_DEPLOYMENT_TARGET = 8.0;
				METAL_ENABLE_DEBUG_INFO = YES;
				ONLY_ACTIVE_ARCH = YES;
				SDKROOT = iphoneos;
				SWIFT_OPTIMIZATION_LEVEL = "-Onone";
			};
			name = Debug;
		};
		325FCCAB1951ADDE00C377C9 /* Release */ = {
			isa = XCBuildConfiguration;
			buildSettings = {
				ALWAYS_SEARCH_USER_PATHS = NO;
				CLANG_CXX_LANGUAGE_STANDARD = "gnu++0x";
				CLANG_CXX_LIBRARY = "libc++";
				CLANG_ENABLE_MODULES = YES;
				CLANG_ENABLE_OBJC_ARC = YES;
				CLANG_WARN_BOOL_CONVERSION = YES;
				CLANG_WARN_CONSTANT_CONVERSION = YES;
				CLANG_WARN_DIRECT_OBJC_ISA_USAGE = YES_ERROR;
				CLANG_WARN_EMPTY_BODY = YES;
				CLANG_WARN_ENUM_CONVERSION = YES;
				CLANG_WARN_INT_CONVERSION = YES;
				CLANG_WARN_OBJC_ROOT_CLASS = YES_ERROR;
				CLANG_WARN_UNREACHABLE_CODE = YES;
				CLANG_WARN__DUPLICATE_METHOD_MATCH = YES;
				"CODE_SIGN_IDENTITY[sdk=iphoneos*]" = "iPhone Developer";
				COPY_PHASE_STRIP = YES;
				ENABLE_NS_ASSERTIONS = NO;
				ENABLE_STRICT_OBJC_MSGSEND = YES;
				GCC_C_LANGUAGE_STANDARD = gnu99;
				GCC_WARN_64_TO_32_BIT_CONVERSION = YES;
				GCC_WARN_ABOUT_RETURN_TYPE = YES_ERROR;
				GCC_WARN_UNDECLARED_SELECTOR = YES;
				GCC_WARN_UNINITIALIZED_AUTOS = YES_AGGRESSIVE;
				GCC_WARN_UNUSED_FUNCTION = YES;
				GCC_WARN_UNUSED_VARIABLE = YES;
				IPHONEOS_DEPLOYMENT_TARGET = 8.0;
				METAL_ENABLE_DEBUG_INFO = NO;
				SDKROOT = iphoneos;
				VALIDATE_PRODUCT = YES;
			};
			name = Release;
		};
		325FCCAD1951ADDE00C377C9 /* Debug */ = {
			isa = XCBuildConfiguration;
			buildSettings = {
				ASSETCATALOG_COMPILER_APPICON_NAME = AppIcon;
				ASSETCATALOG_COMPILER_LAUNCHIMAGE_NAME = LaunchImage;
				INFOPLIST_FILE = udrunk/Info.plist;
				LD_RUNPATH_SEARCH_PATHS = "$(inherited) @executable_path/Frameworks";
				PRODUCT_NAME = "$(TARGET_NAME)";
			};
			name = Debug;
		};
		325FCCAE1951ADDE00C377C9 /* Release */ = {
			isa = XCBuildConfiguration;
			buildSettings = {
				ASSETCATALOG_COMPILER_APPICON_NAME = AppIcon;
				ASSETCATALOG_COMPILER_LAUNCHIMAGE_NAME = LaunchImage;
				INFOPLIST_FILE = udrunk/Info.plist;
				LD_RUNPATH_SEARCH_PATHS = "$(inherited) @executable_path/Frameworks";
				PRODUCT_NAME = "$(TARGET_NAME)";
			};
			name = Release;
		};
		325FCCB01951ADDE00C377C9 /* Debug */ = {
			isa = XCBuildConfiguration;
			buildSettings = {
				BUNDLE_LOADER = "$(BUILT_PRODUCTS_DIR)/udrunk.app/udrunk";
				FRAMEWORK_SEARCH_PATHS = (
					"$(SDKROOT)/Developer/Library/Frameworks",
					"$(inherited)",
				);
				GCC_PREPROCESSOR_DEFINITIONS = (
					"DEBUG=1",
					"$(inherited)",
				);
				INFOPLIST_FILE = udrunkTests/Info.plist;
				LD_RUNPATH_SEARCH_PATHS = "$(inherited) @executable_path/Frameworks @loader_path/Frameworks";
				METAL_ENABLE_DEBUG_INFO = YES;
				PRODUCT_NAME = "$(TARGET_NAME)";
				TEST_HOST = "$(BUNDLE_LOADER)";
			};
			name = Debug;
		};
		325FCCB11951ADDE00C377C9 /* Release */ = {
			isa = XCBuildConfiguration;
			buildSettings = {
				BUNDLE_LOADER = "$(BUILT_PRODUCTS_DIR)/udrunk.app/udrunk";
				FRAMEWORK_SEARCH_PATHS = (
					"$(SDKROOT)/Developer/Library/Frameworks",
					"$(inherited)",
				);
				INFOPLIST_FILE = udrunkTests/Info.plist;
				LD_RUNPATH_SEARCH_PATHS = "$(inherited) @executable_path/Frameworks @loader_path/Frameworks";
				METAL_ENABLE_DEBUG_INFO = NO;
				PRODUCT_NAME = "$(TARGET_NAME)";
				TEST_HOST = "$(BUNDLE_LOADER)";
			};
			name = Release;
		};
/* End XCBuildConfiguration section */

/* Begin XCConfigurationList section */
		325FCC8B1951ADDE00C377C9 /* Build configuration list for PBXProject "udrunk" */ = {
			isa = XCConfigurationList;
			buildConfigurations = (
				325FCCAA1951ADDE00C377C9 /* Debug */,
				325FCCAB1951ADDE00C377C9 /* Release */,
			);
			defaultConfigurationIsVisible = 0;
			defaultConfigurationName = Release;
		};
		325FCCAC1951ADDE00C377C9 /* Build configuration list for PBXNativeTarget "udrunk" */ = {
			isa = XCConfigurationList;
			buildConfigurations = (
				325FCCAD1951ADDE00C377C9 /* Debug */,
				325FCCAE1951ADDE00C377C9 /* Release */,
			);
			defaultConfigurationIsVisible = 0;
		};
		325FCCAF1951ADDE00C377C9 /* Build configuration list for PBXNativeTarget "udrunkTests" */ = {
			isa = XCConfigurationList;
			buildConfigurations = (
				325FCCB01951ADDE00C377C9 /* Debug */,
				325FCCB11951ADDE00C377C9 /* Release */,
			);
			defaultConfigurationIsVisible = 0;
		};
/* End XCConfigurationList section */
	};
	rootObject = 325FCC881951ADDE00C377C9 /* Project object */;
}
